
Microsoft Visual Studio Solution File, Format Version 12.00
# Visual Studio Version 17
VisualStudioVersion = 17.7.34031.279
MinimumVisualStudioVersion = 10.0.40219.1
Project("{9A19103F-16F7-4668-BE54-9A1E7A4F7556}") = "HomeWork 2.4", "HomeWork 2.4.csproj", "{9F847296-E217-4B04-AC6D-38FAD11639BE}"
EndProject
Global
	GlobalSection(SolutionConfigurationPlatforms) = preSolution
		Debug|Any CPU = Debug|Any CPU
		Release|Any CPU = Release|Any CPU
	EndGlobalSection
	GlobalSection(ProjectConfigurationPlatforms) = postSolution
		{9F847296-E217-4B04-AC6D-38FAD11639BE}.Debug|Any CPU.ActiveCfg = Debug|Any CPU
		{9F847296-E217-4B04-AC6D-38FAD11639BE}.Debug|Any CPU.Build.0 = Debug|Any CPU
		{9F847296-E217-4B04-AC6D-38FAD11639BE}.Release|Any CPU.ActiveCfg = Release|Any CPU
		{9F847296-E217-4B04-AC6D-38FAD11639BE}.Release|Any CPU.Build.0 = Release|Any CPU
	EndGlobalSection
	GlobalSection(SolutionProperties) = preSolution
		HideSolutionNode = FALSE
	EndGlobalSection
	GlobalSection(ExtensibilityGlobals) = postSolution
		SolutionGuid = {BB5D4D75-70C7-473C-A4CD-5EAECE0A4033}
	EndGlobalSection
EndGlobal
