
Microsoft Visual Studio Solution File, Format Version 12.00
# Visual Studio Version 17
VisualStudioVersion = 17.7.34031.279
MinimumVisualStudioVersion = 10.0.40219.1
Project("{FAE04EC0-301F-11D3-BF4B-00C04F79EFBC}") = "Homework2.2", "Homework2.2\Homework2.2.csproj", "{ED2E3443-CD5E-4C7E-9948-B4222BC63AD7}"
EndProject
Global
	GlobalSection(SolutionConfigurationPlatforms) = preSolution
		Debug|Any CPU = Debug|Any CPU
		Release|Any CPU = Release|Any CPU
	EndGlobalSection
	GlobalSection(ProjectConfigurationPlatforms) = postSolution
		{ED2E3443-CD5E-4C7E-9948-B4222BC63AD7}.Debug|Any CPU.ActiveCfg = Debug|Any CPU
		{ED2E3443-CD5E-4C7E-9948-B4222BC63AD7}.Debug|Any CPU.Build.0 = Debug|Any CPU
		{ED2E3443-CD5E-4C7E-9948-B4222BC63AD7}.Release|Any CPU.ActiveCfg = Release|Any CPU
		{ED2E3443-CD5E-4C7E-9948-B4222BC63AD7}.Release|Any CPU.Build.0 = Release|Any CPU
	EndGlobalSection
	GlobalSection(SolutionProperties) = preSolution
		HideSolutionNode = FALSE
	EndGlobalSection
	GlobalSection(ExtensibilityGlobals) = postSolution
		SolutionGuid = {6BC2786A-E44B-42AE-B185-7C8878A4CAB0}
	EndGlobalSection
EndGlobal
